
Microsoft Visual Studio Solution File, Format Version 12.00
# Visual Studio Version 16
VisualStudioVersion = 16.0.29326.143
MinimumVisualStudioVersion = 10.0.40219.1
Project("{9A19103F-16F7-4668-BE54-9A1E7A4F7556}") = "KKLipsync", "KKLipsync\KKLipsync.csproj", "{D07824E3-F53F-4C8E-85CE-689C2640692C}"
EndProject
Project("{9A19103F-16F7-4668-BE54-9A1E7A4F7556}") = "AILipsync", "AILipsync\AILipsync.csproj", "{BAE25FA7-C749-4C63-9436-82E0ED3E53FF}"
EndProject
Project("{FAE04EC0-301F-11D3-BF4B-00C04F79EFBC}") = "OVRLipsyncRef", "OVRLipsync\OVRLipsyncRef.csproj", "{0A1B9CA8-827C-4E6F-8806-8825A429B2B7}"
EndProject
Project("{9A19103F-16F7-4668-BE54-9A1E7A4F7556}") = "HS2LipSync", "HS2LipSYnc\HS2LipSync.csproj", "{2AD09B71-2DB6-4776-B203-0C1D1D34E711}"
EndProject
Project("{9A19103F-16F7-4668-BE54-9A1E7A4F7556}") = "LipsyncCore", "LipsyncCore\LipsyncCore.csproj", "{3085D5B3-6B30-446E-803F-4EF356EA3D7B}"
EndProject
Project("{FAE04EC0-301F-11D3-BF4B-00C04F79EFBC}") = "IOLipSync", "IOLipSync\IOLipSync.csproj", "{8D796A02-43C7-4E68-9E40-B78E57668234}"
EndProject
Global
	GlobalSection(SolutionConfigurationPlatforms) = preSolution
		Debug|Any CPU = Debug|Any CPU
		Release|Any CPU = Release|Any CPU
	EndGlobalSection
	GlobalSection(ProjectConfigurationPlatforms) = postSolution
		{D07824E3-F53F-4C8E-85CE-689C2640692C}.Debug|Any CPU.ActiveCfg = Debug|Any CPU
		{D07824E3-F53F-4C8E-85CE-689C2640692C}.Debug|Any CPU.Build.0 = Debug|Any CPU
		{D07824E3-F53F-4C8E-85CE-689C2640692C}.Release|Any CPU.ActiveCfg = Release|Any CPU
		{D07824E3-F53F-4C8E-85CE-689C2640692C}.Release|Any CPU.Build.0 = Release|Any CPU
		{BAE25FA7-C749-4C63-9436-82E0ED3E53FF}.Debug|Any CPU.ActiveCfg = Debug|Any CPU
		{BAE25FA7-C749-4C63-9436-82E0ED3E53FF}.Debug|Any CPU.Build.0 = Debug|Any CPU
		{BAE25FA7-C749-4C63-9436-82E0ED3E53FF}.Release|Any CPU.ActiveCfg = Release|Any CPU
		{BAE25FA7-C749-4C63-9436-82E0ED3E53FF}.Release|Any CPU.Build.0 = Release|Any CPU
		{0A1B9CA8-827C-4E6F-8806-8825A429B2B7}.Debug|Any CPU.ActiveCfg = Debug|Any CPU
		{0A1B9CA8-827C-4E6F-8806-8825A429B2B7}.Debug|Any CPU.Build.0 = Debug|Any CPU
		{0A1B9CA8-827C-4E6F-8806-8825A429B2B7}.Release|Any CPU.ActiveCfg = Release|Any CPU
		{0A1B9CA8-827C-4E6F-8806-8825A429B2B7}.Release|Any CPU.Build.0 = Release|Any CPU
		{2AD09B71-2DB6-4776-B203-0C1D1D34E711}.Debug|Any CPU.ActiveCfg = Debug|Any CPU
		{2AD09B71-2DB6-4776-B203-0C1D1D34E711}.Debug|Any CPU.Build.0 = Debug|Any CPU
		{2AD09B71-2DB6-4776-B203-0C1D1D34E711}.Release|Any CPU.ActiveCfg = Release|Any CPU
		{2AD09B71-2DB6-4776-B203-0C1D1D34E711}.Release|Any CPU.Build.0 = Release|Any CPU
		{3085D5B3-6B30-446E-803F-4EF356EA3D7B}.Debug|Any CPU.ActiveCfg = Debug|Any CPU
		{3085D5B3-6B30-446E-803F-4EF356EA3D7B}.Debug|Any CPU.Build.0 = Debug|Any CPU
		{3085D5B3-6B30-446E-803F-4EF356EA3D7B}.Release|Any CPU.ActiveCfg = Release|Any CPU
		{3085D5B3-6B30-446E-803F-4EF356EA3D7B}.Release|Any CPU.Build.0 = Release|Any CPU
		{8D796A02-43C7-4E68-9E40-B78E57668234}.Debug|Any CPU.ActiveCfg = Debug|Any CPU
		{8D796A02-43C7-4E68-9E40-B78E57668234}.Debug|Any CPU.Build.0 = Debug|Any CPU
		{8D796A02-43C7-4E68-9E40-B78E57668234}.Release|Any CPU.ActiveCfg = Release|Any CPU
		{8D796A02-43C7-4E68-9E40-B78E57668234}.Release|Any CPU.Build.0 = Release|Any CPU
	EndGlobalSection
	GlobalSection(SolutionProperties) = preSolution
		HideSolutionNode = FALSE
	EndGlobalSection
	GlobalSection(ExtensibilityGlobals) = postSolution
		SolutionGuid = {9DC50EF3-7A32-4983-B407-35234F3D492C}
	EndGlobalSection
EndGlobal
